
Microsoft Visual Studio Solution File, Format Version 12.00
# Visual Studio Version 17
VisualStudioVersion = 17.5.33414.496
MinimumVisualStudioVersion = 10.0.40219.1
Project("{FAE04EC0-301F-11D3-BF4B-00C04F79EFBC}") = "automovil", "automovil.csproj", "{46AE6E09-8E13-4654-99BB-4FB75D3B7CDC}"
EndProject
Global
	GlobalSection(SolutionConfigurationPlatforms) = preSolution
		Debug|Any CPU = Debug|Any CPU
		Release|Any CPU = Release|Any CPU
	EndGlobalSection
	GlobalSection(ProjectConfigurationPlatforms) = postSolution
		{46AE6E09-8E13-4654-99BB-4FB75D3B7CDC}.Debug|Any CPU.ActiveCfg = Debug|Any CPU
		{46AE6E09-8E13-4654-99BB-4FB75D3B7CDC}.Debug|Any CPU.Build.0 = Debug|Any CPU
		{46AE6E09-8E13-4654-99BB-4FB75D3B7CDC}.Release|Any CPU.ActiveCfg = Release|Any CPU
		{46AE6E09-8E13-4654-99BB-4FB75D3B7CDC}.Release|Any CPU.Build.0 = Release|Any CPU
	EndGlobalSection
	GlobalSection(SolutionProperties) = preSolution
		HideSolutionNode = FALSE
	EndGlobalSection
	GlobalSection(ExtensibilityGlobals) = postSolution
		SolutionGuid = {DE09DB4A-94AA-45E7-8794-9F5CAD552B8C}
	EndGlobalSection
EndGlobal
